
Microsoft Visual Studio Solution File, Format Version 12.00
# Visual Studio Version 17
VisualStudioVersion = 17.10.35027.167
MinimumVisualStudioVersion = 10.0.40219.1
Project("{FAE04EC0-301F-11D3-BF4B-00C04F79EFBC}") = "Proyecto_Errores", "Proyecto_Errores\Proyecto_Errores.csproj", "{7D86E9DF-6D44-477C-8B76-9CC7972CC805}"
EndProject
Global
	GlobalSection(SolutionConfigurationPlatforms) = preSolution
		Debug|Any CPU = Debug|Any CPU
		Release|Any CPU = Release|Any CPU
	EndGlobalSection
	GlobalSection(ProjectConfigurationPlatforms) = postSolution
		{7D86E9DF-6D44-477C-8B76-9CC7972CC805}.Debug|Any CPU.ActiveCfg = Debug|Any CPU
		{7D86E9DF-6D44-477C-8B76-9CC7972CC805}.Debug|Any CPU.Build.0 = Debug|Any CPU
		{7D86E9DF-6D44-477C-8B76-9CC7972CC805}.Release|Any CPU.ActiveCfg = Release|Any CPU
		{7D86E9DF-6D44-477C-8B76-9CC7972CC805}.Release|Any CPU.Build.0 = Release|Any CPU
	EndGlobalSection
	GlobalSection(SolutionProperties) = preSolution
		HideSolutionNode = FALSE
	EndGlobalSection
	GlobalSection(ExtensibilityGlobals) = postSolution
		SolutionGuid = {A2197A0F-E022-4D6B-98E7-85FB51200AB4}
	EndGlobalSection
EndGlobal
